
Microsoft Visual Studio Solution File, Format Version 12.00
# Visual Studio Version 16
VisualStudioVersion = 16.0.31424.327
MinimumVisualStudioVersion = 10.0.40219.1
Project("{FAE04EC0-301F-11D3-BF4B-00C04F79EFBC}") = "FramesPagesTest", "FramesPagesTest\FramesPagesTest.csproj", "{79B872AE-27EE-47BC-A9A1-58FD90751CA5}"
EndProject
Global
	GlobalSection(SolutionConfigurationPlatforms) = preSolution
		Debug|Any CPU = Debug|Any CPU
		Release|Any CPU = Release|Any CPU
	EndGlobalSection
	GlobalSection(ProjectConfigurationPlatforms) = postSolution
		{79B872AE-27EE-47BC-A9A1-58FD90751CA5}.Debug|Any CPU.ActiveCfg = Debug|Any CPU
		{79B872AE-27EE-47BC-A9A1-58FD90751CA5}.Debug|Any CPU.Build.0 = Debug|Any CPU
		{79B872AE-27EE-47BC-A9A1-58FD90751CA5}.Release|Any CPU.ActiveCfg = Release|Any CPU
		{79B872AE-27EE-47BC-A9A1-58FD90751CA5}.Release|Any CPU.Build.0 = Release|Any CPU
	EndGlobalSection
	GlobalSection(SolutionProperties) = preSolution
		HideSolutionNode = FALSE
	EndGlobalSection
	GlobalSection(ExtensibilityGlobals) = postSolution
		SolutionGuid = {0081E774-9DA2-4202-B9D2-F052E93752AF}
	EndGlobalSection
EndGlobal
